{
  "name": "cli-authenticator",
  "version": "1.0.0",
  "lockfileVersion": 3,
  "requires": true,
  "packages": {
    "": {
      "name": "cli-authenticator",
      "version": "1.0.0",
      "license": "ISC",
      "dependencies": {
        "otpauth": "^9.5.2",
        "zxing-wasm": "^3.1.4"
      },
      "bin": {
        "auth": "src/index.js"
      },
      "engines": {
        "node": ">=20.12"
      }
    },
    "node_modules/@noble/hashes": {
      "version": "2.4.0",
      "resolved": "https://registry.npmjs.org/@noble/hashes/-/hashes-2.4.0.tgz",
      "integrity": "sha512-X5XaVWZIBCT7HHZGm5I7ZQXDwLG+bGXuSrMQAW+7Zvl87h1kmc1ZB1VSRJcpUfoUrGQp4Fkoxm5kZ+Ms+aW+eA==",
      "license": "MIT",
      "engines": {
        "node": ">= 20.19.0"
      },
      "funding": {
        "url": "https://paulmillr.com/funding/"
      }
    },
    "node_modules/@types/emscripten": {
      "version": "1.41.6",
      "resolved": "https://registry.npmjs.org/@types/emscripten/-/emscripten-1.41.6.tgz",
      "integrity": "sha512-uN+9i8bFT5CUcZfyIEYDrSueACEyKGbUs5kC/72DGlZZoinh84sJfVV0i8UOJD1asdzkvLPBRrKs41kZ8MdEXg==",
      "license": "MIT"
    },
    "node_modules/otpauth": {
      "version": "9.5.2",
      "resolved": "https://registry.npmjs.org/otpauth/-/otpauth-9.5.2.tgz",
      "integrity": "sha512-GQ5emWR/x1tcExT62IBT0UfO95wZzJZyxYOJOGVeQF47SYEN9vmh0vISvDZaNMuFJRG+IaWCKtfm+t9Bfoal6w==",
      "license": "MIT",
      "dependencies": {
        "@noble/hashes": "2.4.0"
      },
      "funding": {
        "url": "https://github.com/hectorm/otpauth?sponsor=1"
      }
    },
    "node_modules/tagged-tag": {
      "version": "1.0.0",
      "resolved": "https://registry.npmjs.org/tagged-tag/-/tagged-tag-1.0.0.tgz",
      "integrity": "sha512-yEFYrVhod+hdNyx7g5Bnkkb0G6si8HJurOoOEgC8B/O0uXLHlaey/65KRv6cuWBNhBgHKAROVpc7QyYqE5gFng==",
      "license": "MIT",
      "engines": {
        "node": ">=20"
      },
      "funding": {
        "url": "https://github.com/sponsors/sindresorhus"
      }
    },
    "node_modules/type-fest": {
      "version": "5.10.0",
      "resolved": "https://registry.npmjs.org/type-fest/-/type-fest-5.10.0.tgz",
      "integrity": "sha512-NoSdpq/WEiAg5sjmBkmV/hfxv6HJH4NqPNrqjtSO5CwRmpsDfaf4begxW34KdJykH/l1yHtwBWQkCRdoXO8mPA==",
      "license": "(MIT OR CC0-1.0)",
      "dependencies": {
        "tagged-tag": "^1.0.0"
      },
      "engines": {
        "node": ">=20"
      },
      "funding": {
        "url": "https://github.com/sponsors/sindresorhus"
      }
    },
    "node_modules/zxing-wasm": {
      "version": "3.1.4",
      "resolved": "https://registry.npmjs.org/zxing-wasm/-/zxing-wasm-3.1.4.tgz",
      "integrity": "sha512-1+v8p7sauddySVNG+ye7GD/0TS95BG2ycdkrC+EnBrFBFkHeIghzUt2yVjtx3NucJeNrQnhT8yGAIz60Vx9o0w==",
      "license": "MIT",
      "dependencies": {
        "@types/emscripten": "^1.41.6",
        "type-fest": "^5.9.0"
      },
      "peerDependencies": {
        "@types/emscripten": ">=1.39.6"
      }
    }
  }
}
